// !$*UTF8*$!
{
	archiveVersion = 1;
	classes = {
	};
	objectVersion = 46;
	objects = {

/* Begin PBXBuildFile section */
		E92F42CF180ABBEE00570AB6 /* QuizFactory.m in Sources */ = {isa = PBXBuildFile; fileRef = E92F42CE180ABBEE00570AB6 /* QuizFactory.m */; };
		E92F42D2180ABC5900570AB6 /* TrueFalseQuestion.m in Sources */ = {isa = PBXBuildFile; fileRef = E92F42D1180ABC5900570AB6 /* TrueFalseQuestion.m */; };
		E92F42D5180ABC8800570AB6 /* MultipleChoiceQuestion.m in Sources */ = {isa = PBXBuildFile; fileRef = E92F42D4180ABC8800570AB6 /* MultipleChoiceQuestion.m */; };
		E93CD40E180858CA00E342A5 /* Foundation.framework in Frameworks */ = {isa = PBXBuildFile; fileRef = E93CD40D180858CA00E342A5 /* Foundation.framework */; };
		E93CD410180858CA00E342A5 /* CoreGraphics.framework in Frameworks */ = {isa = PBXBuildFile; fileRef = E93CD40F180858CA00E342A5 /* CoreGraphics.framework */; };
		E93CD412180858CA00E342A5 /* UIKit.framework in Frameworks */ = {isa = PBXBuildFile; fileRef = E93CD411180858CA00E342A5 /* UIKit.framework */; };
		E93CD418180858CA00E342A5 /* InfoPlist.strings in Resources */ = {isa = PBXBuildFile; fileRef = E93CD416180858CA00E342A5 /* InfoPlist.strings */; };
		E93CD41A180858CA00E342A5 /* main.m in Sources */ = {isa = PBXBuildFile; fileRef = E93CD419180858CA00E342A5 /* main.m */; };
		E93CD41E180858CA00E342A5 /* AppDelegate.m in Sources */ = {isa = PBXBuildFile; fileRef = E93CD41D180858CA00E342A5 /* AppDelegate.m */; };
		E93CD420180858CA00E342A5 /* Images.xcassets in Resources */ = {isa = PBXBuildFile; fileRef = E93CD41F180858CA00E342A5 /* Images.xcassets */; };
		E93CD427180858CA00E342A5 /* XCTest.framework in Frameworks */ = {isa = PBXBuildFile; fileRef = E93CD426180858CA00E342A5 /* XCTest.framework */; };
		E93CD428180858CA00E342A5 /* Foundation.framework in Frameworks */ = {isa = PBXBuildFile; fileRef = E93CD40D180858CA00E342A5 /* Foundation.framework */; };
		E93CD429180858CA00E342A5 /* UIKit.framework in Frameworks */ = {isa = PBXBuildFile; fileRef = E93CD411180858CA00E342A5 /* UIKit.framework */; };
		E93CD43F18085D4700E342A5 /* QuizViewController.m in Sources */ = {isa = PBXBuildFile; fileRef = E93CD43D18085D4700E342A5 /* QuizViewController.m */; };
		E98A5319180991A700FE2AAB /* AnswerTableViewController.m in Sources */ = {isa = PBXBuildFile; fileRef = E98A5317180991A700FE2AAB /* AnswerTableViewController.m */; };
		E98A531D180999C800FE2AAB /* Quiz.m in Sources */ = {isa = PBXBuildFile; fileRef = E98A531C180999C800FE2AAB /* Quiz.m */; };
		E98A532318099B6F00FE2AAB /* Question.m in Sources */ = {isa = PBXBuildFile; fileRef = E98A532218099B6F00FE2AAB /* Question.m */; };
		E9C17C15180E886400926A5B /* AnswerViewControllerFactory.m in Sources */ = {isa = PBXBuildFile; fileRef = E9C17C14180E886400926A5B /* AnswerViewControllerFactory.m */; };
		E9C17C19180E996100926A5B /* LanguageViewController.m in Sources */ = {isa = PBXBuildFile; fileRef = E9C17C17180E996100926A5B /* LanguageViewController.m */; };
		E9C17C1A180E996100926A5B /* LanguageViewController.xib in Resources */ = {isa = PBXBuildFile; fileRef = E9C17C18180E996100926A5B /* LanguageViewController.xib */; };
		E9C17C1D180ED18100926A5B /* AnswerViewController.m in Sources */ = {isa = PBXBuildFile; fileRef = E9C17C1C180ED18100926A5B /* AnswerViewController.m */; };
		E9C17C20180EE3FA00926A5B /* AwardManager.m in Sources */ = {isa = PBXBuildFile; fileRef = E9C17C1F180EE3FA00926A5B /* AwardManager.m */; };
		E9CE44EA180D4E8A0095DFF6 /* QuizViewController.xib in Resources */ = {isa = PBXBuildFile; fileRef = E9CE44E9180D4E8A0095DFF6 /* QuizViewController.xib */; };
		E9CE44EE180D61A70095DFF6 /* AnswerCollectionViewController.m in Sources */ = {isa = PBXBuildFile; fileRef = E9CE44EC180D61A70095DFF6 /* AnswerCollectionViewController.m */; };
		E9FE58E5180D8A6A0030B1B5 /* AnswerButtonViewController.m in Sources */ = {isa = PBXBuildFile; fileRef = E9FE58E3180D8A6A0030B1B5 /* AnswerButtonViewController.m */; };
		E9FE58E9180D8A940030B1B5 /* ImageQuestion.m in Sources */ = {isa = PBXBuildFile; fileRef = E9FE58E8180D8A940030B1B5 /* ImageQuestion.m */; };
/* End PBXBuildFile section */

/* Begin PBXContainerItemProxy section */
		E93CD42A180858CA00E342A5 /* PBXContainerItemProxy */ = {
			isa = PBXContainerItemProxy;
			containerPortal = E93CD402180858CA00E342A5 /* Project object */;
			proxyType = 1;
			remoteGlobalIDString = E93CD409180858CA00E342A5;
			remoteInfo = Quizzes;
		};
/* End PBXContainerItemProxy section */

/* Begin PBXFileReference section */
		E92F42CD180ABBEE00570AB6 /* QuizFactory.h */ = {isa = PBXFileReference; fileEncoding = 4; lastKnownFileType = sourcecode.c.h; name = QuizFactory.h; path = Models/QuizFactory.h; sourceTree = "<group>"; };
		E92F42CE180ABBEE00570AB6 /* QuizFactory.m */ = {isa = PBXFileReference; fileEncoding = 4; lastKnownFileType = sourcecode.c.objc; name = QuizFactory.m; path = Models/QuizFactory.m; sourceTree = "<group>"; };
		E92F42D0180ABC5900570AB6 /* TrueFalseQuestion.h */ = {isa = PBXFileReference; fileEncoding = 4; lastKnownFileType = sourcecode.c.h; name = TrueFalseQuestion.h; path = Models/TrueFalseQuestion.h; sourceTree = "<group>"; };
		E92F42D1180ABC5900570AB6 /* TrueFalseQuestion.m */ = {isa = PBXFileReference; fileEncoding = 4; lastKnownFileType = sourcecode.c.objc; name = TrueFalseQuestion.m; path = Models/TrueFalseQuestion.m; sourceTree = "<group>"; };
		E92F42D3180ABC8800570AB6 /* MultipleChoiceQuestion.h */ = {isa = PBXFileReference; fileEncoding = 4; lastKnownFileType = sourcecode.c.h; name = MultipleChoiceQuestion.h; path = Models/MultipleChoiceQuestion.h; sourceTree = "<group>"; };
		E92F42D4180ABC8800570AB6 /* MultipleChoiceQuestion.m */ = {isa = PBXFileReference; fileEncoding = 4; lastKnownFileType = sourcecode.c.objc; name = MultipleChoiceQuestion.m; path = Models/MultipleChoiceQuestion.m; sourceTree = "<group>"; };
		E93CD40A180858CA00E342A5 /* Quizzes.app */ = {isa = PBXFileReference; explicitFileType = wrapper.application; includeInIndex = 0; path = Quizzes.app; sourceTree = BUILT_PRODUCTS_DIR; };
		E93CD40D180858CA00E342A5 /* Foundation.framework */ = {isa = PBXFileReference; lastKnownFileType = wrapper.framework; name = Foundation.framework; path = System/Library/Frameworks/Foundation.framework; sourceTree = SDKROOT; };
		E93CD40F180858CA00E342A5 /* CoreGraphics.framework */ = {isa = PBXFileReference; lastKnownFileType = wrapper.framework; name = CoreGraphics.framework; path = System/Library/Frameworks/CoreGraphics.framework; sourceTree = SDKROOT; };
		E93CD411180858CA00E342A5 /* UIKit.framework */ = {isa = PBXFileReference; lastKnownFileType = wrapper.framework; name = UIKit.framework; path = System/Library/Frameworks/UIKit.framework; sourceTree = SDKROOT; };
		E93CD415180858CA00E342A5 /* Quizzes-Info.plist */ = {isa = PBXFileReference; lastKnownFileType = text.plist.xml; path = "Quizzes-Info.plist"; sourceTree = "<group>"; };
		E93CD417180858CA00E342A5 /* en */ = {isa = PBXFileReference; lastKnownFileType = text.plist.strings; name = en; path = en.lproj/InfoPlist.strings; sourceTree = "<group>"; };
		E93CD419180858CA00E342A5 /* main.m */ = {isa = PBXFileReference; lastKnownFileType = sourcecode.c.objc; path = main.m; sourceTree = "<group>"; };
		E93CD41B180858CA00E342A5 /* Quizzes-Prefix.pch */ = {isa = PBXFileReference; lastKnownFileType = sourcecode.c.h; path = "Quizzes-Prefix.pch"; sourceTree = "<group>"; };
		E93CD41C180858CA00E342A5 /* AppDelegate.h */ = {isa = PBXFileReference; lastKnownFileType = sourcecode.c.h; path = AppDelegate.h; sourceTree = "<group>"; };
		E93CD41D180858CA00E342A5 /* AppDelegate.m */ = {isa = PBXFileReference; lastKnownFileType = sourcecode.c.objc; path = AppDelegate.m; sourceTree = "<group>"; };
		E93CD41F180858CA00E342A5 /* Images.xcassets */ = {isa = PBXFileReference; lastKnownFileType = folder.assetcatalog; path = Images.xcassets; sourceTree = "<group>"; };
		E93CD425180858CA00E342A5 /* QuizzesTests.xctest */ = {isa = PBXFileReference; explicitFileType = wrapper.cfbundle; includeInIndex = 0; path = QuizzesTests.xctest; sourceTree = BUILT_PRODUCTS_DIR; };
		E93CD426180858CA00E342A5 /* XCTest.framework */ = {isa = PBXFileReference; lastKnownFileType = wrapper.framework; name = XCTest.framework; path = Library/Frameworks/XCTest.framework; sourceTree = DEVELOPER_DIR; };
		E93CD43C18085D4700E342A5 /* QuizViewController.h */ = {isa = PBXFileReference; fileEncoding = 4; lastKnownFileType = sourcecode.c.h; name = QuizViewController.h; path = Controllers/QuizViewController.h; sourceTree = "<group>"; };
		E93CD43D18085D4700E342A5 /* QuizViewController.m */ = {isa = PBXFileReference; fileEncoding = 4; lastKnownFileType = sourcecode.c.objc; name = QuizViewController.m; path = Controllers/QuizViewController.m; sourceTree = "<group>"; };
		E98A5316180991A700FE2AAB /* AnswerTableViewController.h */ = {isa = PBXFileReference; fileEncoding = 4; lastKnownFileType = sourcecode.c.h; name = AnswerTableViewController.h; path = Controllers/AnswerTableViewController.h; sourceTree = "<group>"; };
		E98A5317180991A700FE2AAB /* AnswerTableViewController.m */ = {isa = PBXFileReference; fileEncoding = 4; lastKnownFileType = sourcecode.c.objc; name = AnswerTableViewController.m; path = Controllers/AnswerTableViewController.m; sourceTree = "<group>"; };
		E98A531B180999C800FE2AAB /* Quiz.h */ = {isa = PBXFileReference; fileEncoding = 4; lastKnownFileType = sourcecode.c.h; name = Quiz.h; path = Models/Quiz.h; sourceTree = "<group>"; };
		E98A531C180999C800FE2AAB /* Quiz.m */ = {isa = PBXFileReference; fileEncoding = 4; lastKnownFileType = sourcecode.c.objc; name = Quiz.m; path = Models/Quiz.m; sourceTree = "<group>"; };
		E98A532118099B6F00FE2AAB /* Question.h */ = {isa = PBXFileReference; fileEncoding = 4; lastKnownFileType = sourcecode.c.h; name = Question.h; path = Models/Question.h; sourceTree = "<group>"; };
		E98A532218099B6F00FE2AAB /* Question.m */ = {isa = PBXFileReference; fileEncoding = 4; lastKnownFileType = sourcecode.c.objc; name = Question.m; path = Models/Question.m; sourceTree = "<group>"; };
		E9C17C13180E886400926A5B /* AnswerViewControllerFactory.h */ = {isa = PBXFileReference; fileEncoding = 4; lastKnownFileType = sourcecode.c.h; name = AnswerViewControllerFactory.h; path = Models/AnswerViewControllerFactory.h; sourceTree = "<group>"; };
		E9C17C14180E886400926A5B /* AnswerViewControllerFactory.m */ = {isa = PBXFileReference; fileEncoding = 4; lastKnownFileType = sourcecode.c.objc; name = AnswerViewControllerFactory.m; path = Models/AnswerViewControllerFactory.m; sourceTree = "<group>"; };
		E9C17C16180E996100926A5B /* LanguageViewController.h */ = {isa = PBXFileReference; fileEncoding = 4; lastKnownFileType = sourcecode.c.h; name = LanguageViewController.h; path = Controllers/LanguageViewController.h; sourceTree = "<group>"; };
		E9C17C17180E996100926A5B /* LanguageViewController.m */ = {isa = PBXFileReference; fileEncoding = 4; lastKnownFileType = sourcecode.c.objc; name = LanguageViewController.m; path = Controllers/LanguageViewController.m; sourceTree = "<group>"; };
		E9C17C18180E996100926A5B /* LanguageViewController.xib */ = {isa = PBXFileReference; fileEncoding = 4; lastKnownFileType = file.xib; name = LanguageViewController.xib; path = Controllers/LanguageViewController.xib; sourceTree = "<group>"; };
		E9C17C1B180ED18100926A5B /* AnswerViewController.h */ = {isa = PBXFileReference; fileEncoding = 4; lastKnownFileType = sourcecode.c.h; name = AnswerViewController.h; path = Controllers/AnswerViewController.h; sourceTree = "<group>"; };
		E9C17C1C180ED18100926A5B /* AnswerViewController.m */ = {isa = PBXFileReference; fileEncoding = 4; lastKnownFileType = sourcecode.c.objc; name = AnswerViewController.m; path = Controllers/AnswerViewController.m; sourceTree = "<group>"; };
		E9C17C1E180EE3FA00926A5B /* AwardManager.h */ = {isa = PBXFileReference; fileEncoding = 4; lastKnownFileType = sourcecode.c.h; name = AwardManager.h; path = Models/AwardManager.h; sourceTree = "<group>"; };
		E9C17C1F180EE3FA00926A5B /* AwardManager.m */ = {isa = PBXFileReference; fileEncoding = 4; lastKnownFileType = sourcecode.c.objc; name = AwardManager.m; path = Models/AwardManager.m; sourceTree = "<group>"; };
		E9CE44E9180D4E8A0095DFF6 /* QuizViewController.xib */ = {isa = PBXFileReference; fileEncoding = 4; lastKnownFileType = file.xib; name = QuizViewController.xib; path = Controllers/QuizViewController.xib; sourceTree = "<group>"; };
		E9CE44EB180D61A70095DFF6 /* AnswerCollectionViewController.h */ = {isa = PBXFileReference; fileEncoding = 4; lastKnownFileType = sourcecode.c.h; name = AnswerCollectionViewController.h; path = Controllers/AnswerCollectionViewController.h; sourceTree = "<group>"; };
		E9CE44EC180D61A70095DFF6 /* AnswerCollectionViewController.m */ = {isa = PBXFileReference; fileEncoding = 4; lastKnownFileType = sourcecode.c.objc; name = AnswerCollectionViewController.m; path = Controllers/AnswerCollectionViewController.m; sourceTree = "<group>"; };
		E9FE58E2180D8A6A0030B1B5 /* AnswerButtonViewController.h */ = {isa = PBXFileReference; fileEncoding = 4; lastKnownFileType = sourcecode.c.h; name = AnswerButtonViewController.h; path = Controllers/AnswerButtonViewController.h; sourceTree = "<group>"; };
		E9FE58E3180D8A6A0030B1B5 /* AnswerButtonViewController.m */ = {isa = PBXFileReference; fileEncoding = 4; lastKnownFileType = sourcecode.c.objc; name = AnswerButtonViewController.m; path = Controllers/AnswerButtonViewController.m; sourceTree = "<group>"; };
		E9FE58E7180D8A940030B1B5 /* ImageQuestion.h */ = {isa = PBXFileReference; fileEncoding = 4; lastKnownFileType = sourcecode.c.h; name = ImageQuestion.h; path = Models/ImageQuestion.h; sourceTree = "<group>"; };
		E9FE58E8180D8A940030B1B5 /* ImageQuestion.m */ = {isa = PBXFileReference; fileEncoding = 4; lastKnownFileType = sourcecode.c.objc; name = ImageQuestion.m; path = Models/ImageQuestion.m; sourceTree = "<group>"; };
/* End PBXFileReference section */

/* Begin PBXFrameworksBuildPhase section */
		E93CD407180858CA00E342A5 /* Frameworks */ = {
			isa = PBXFrameworksBuildPhase;
			buildActionMask = 2147483647;
			files = (
				E93CD410180858CA00E342A5 /* CoreGraphics.framework in Frameworks */,
				E93CD412180858CA00E342A5 /* UIKit.framework in Frameworks */,
				E93CD40E180858CA00E342A5 /* Foundation.framework in Frameworks */,
			);
			runOnlyForDeploymentPostprocessing = 0;
		};
		E93CD422180858CA00E342A5 /* Frameworks */ = {
			isa = PBXFrameworksBuildPhase;
			buildActionMask = 2147483647;
			files = (
				E93CD427180858CA00E342A5 /* XCTest.framework in Frameworks */,
				E93CD429180858CA00E342A5 /* UIKit.framework in Frameworks */,
				E93CD428180858CA00E342A5 /* Foundation.framework in Frameworks */,
			);
			runOnlyForDeploymentPostprocessing = 0;
		};
/* End PBXFrameworksBuildPhase section */

/* Begin PBXGroup section */
		E93CD401180858CA00E342A5 = {
			isa = PBXGroup;
			children = (
				E93CD413180858CA00E342A5 /* Quizzes */,
				E93CD40C180858CA00E342A5 /* Frameworks */,
				E93CD40B180858CA00E342A5 /* Products */,
			);
			sourceTree = "<group>";
		};
		E93CD40B180858CA00E342A5 /* Products */ = {
			isa = PBXGroup;
			children = (
				E93CD40A180858CA00E342A5 /* Quizzes.app */,
				E93CD425180858CA00E342A5 /* QuizzesTests.xctest */,
			);
			name = Products;
			sourceTree = "<group>";
		};
		E93CD40C180858CA00E342A5 /* Frameworks */ = {
			isa = PBXGroup;
			children = (
				E93CD40D180858CA00E342A5 /* Foundation.framework */,
				E93CD40F180858CA00E342A5 /* CoreGraphics.framework */,
				E93CD411180858CA00E342A5 /* UIKit.framework */,
				E93CD426180858CA00E342A5 /* XCTest.framework */,
			);
			name = Frameworks;
			sourceTree = "<group>";
		};
		E93CD413180858CA00E342A5 /* Quizzes */ = {
			isa = PBXGroup;
			children = (
				E93CD41C180858CA00E342A5 /* AppDelegate.h */,
				E93CD41D180858CA00E342A5 /* AppDelegate.m */,
				E93CD41F180858CA00E342A5 /* Images.xcassets */,
				E93CD414180858CA00E342A5 /* Supporting Files */,
				E93CD44118085D7500E342A5 /* Controllers */,
				E98A531E180999CD00FE2AAB /* Models */,
			);
			path = Quizzes;
			sourceTree = "<group>";
		};
		E93CD414180858CA00E342A5 /* Supporting Files */ = {
			isa = PBXGroup;
			children = (
				E93CD415180858CA00E342A5 /* Quizzes-Info.plist */,
				E93CD416180858CA00E342A5 /* InfoPlist.strings */,
				E93CD419180858CA00E342A5 /* main.m */,
				E93CD41B180858CA00E342A5 /* Quizzes-Prefix.pch */,
			);
			name = "Supporting Files";
			sourceTree = "<group>";
		};
		E93CD44118085D7500E342A5 /* Controllers */ = {
			isa = PBXGroup;
			children = (
				E9C17C16180E996100926A5B /* LanguageViewController.h */,
				E9C17C17180E996100926A5B /* LanguageViewController.m */,
				E9C17C18180E996100926A5B /* LanguageViewController.xib */,
				E93CD43C18085D4700E342A5 /* QuizViewController.h */,
				E93CD43D18085D4700E342A5 /* QuizViewController.m */,
				E9CE44E9180D4E8A0095DFF6 /* QuizViewController.xib */,
				E9C17C1B180ED18100926A5B /* AnswerViewController.h */,
				E9C17C1C180ED18100926A5B /* AnswerViewController.m */,
				E98A5316180991A700FE2AAB /* AnswerTableViewController.h */,
				E98A5317180991A700FE2AAB /* AnswerTableViewController.m */,
				E9CE44EB180D61A70095DFF6 /* AnswerCollectionViewController.h */,
				E9CE44EC180D61A70095DFF6 /* AnswerCollectionViewController.m */,
				E9FE58E2180D8A6A0030B1B5 /* AnswerButtonViewController.h */,
				E9FE58E3180D8A6A0030B1B5 /* AnswerButtonViewController.m */,
			);
			name = Controllers;
			sourceTree = "<group>";
		};
		E98A531E180999CD00FE2AAB /* Models */ = {
			isa = PBXGroup;
			children = (
				E98A531B180999C800FE2AAB /* Quiz.h */,
				E98A531C180999C800FE2AAB /* Quiz.m */,
				E98A532118099B6F00FE2AAB /* Question.h */,
				E98A532218099B6F00FE2AAB /* Question.m */,
				E92F42CD180ABBEE00570AB6 /* QuizFactory.h */,
				E92F42CE180ABBEE00570AB6 /* QuizFactory.m */,
				E92F42D0180ABC5900570AB6 /* TrueFalseQuestion.h */,
				E92F42D1180ABC5900570AB6 /* TrueFalseQuestion.m */,
				E92F42D3180ABC8800570AB6 /* MultipleChoiceQuestion.h */,
				E92F42D4180ABC8800570AB6 /* MultipleChoiceQuestion.m */,
				E9FE58E7180D8A940030B1B5 /* ImageQuestion.h */,
				E9FE58E8180D8A940030B1B5 /* ImageQuestion.m */,
				E9C17C13180E886400926A5B /* AnswerViewControllerFactory.h */,
				E9C17C14180E886400926A5B /* AnswerViewControllerFactory.m */,
				E9C17C1E180EE3FA00926A5B /* AwardManager.h */,
				E9C17C1F180EE3FA00926A5B /* AwardManager.m */,
			);
			name = Models;
			sourceTree = "<group>";
		};
/* End PBXGroup section */

/* Begin PBXNativeTarget section */
		E93CD409180858CA00E342A5 /* Quizzes */ = {
			isa = PBXNativeTarget;
			buildConfigurationList = E93CD436180858CA00E342A5 /* Build configuration list for PBXNativeTarget "Quizzes" */;
			buildPhases = (
				E93CD406180858CA00E342A5 /* Sources */,
				E93CD407180858CA00E342A5 /* Frameworks */,
				E93CD408180858CA00E342A5 /* Resources */,
			);
			buildRules = (
			);
			dependencies = (
			);
			name = Quizzes;
			productName = Quizzes;
			productReference = E93CD40A180858CA00E342A5 /* Quizzes.app */;
			productType = "com.apple.product-type.application";
		};
		E93CD424180858CA00E342A5 /* QuizzesTests */ = {
			isa = PBXNativeTarget;
			buildConfigurationList = E93CD439180858CA00E342A5 /* Build configuration list for PBXNativeTarget "QuizzesTests" */;
			buildPhases = (
				E93CD421180858CA00E342A5 /* Sources */,
				E93CD422180858CA00E342A5 /* Frameworks */,
				E93CD423180858CA00E342A5 /* Resources */,
			);
			buildRules = (
			);
			dependencies = (
				E93CD42B180858CA00E342A5 /* PBXTargetDependency */,
			);
			name = QuizzesTests;
			productName = QuizzesTests;
			productReference = E93CD425180858CA00E342A5 /* QuizzesTests.xctest */;
			productType = "com.apple.product-type.bundle.unit-test";
		};
/* End PBXNativeTarget section */

/* Begin PBXProject section */
		E93CD402180858CA00E342A5 /* Project object */ = {
			isa = PBXProject;
			attributes = {
				LastUpgradeCheck = 0500;
				ORGANIZATIONNAME = Typework;
				TargetAttributes = {
					E93CD409180858CA00E342A5 = {
						DevelopmentTeam = Y898XUPXGS;
					};
					E93CD424180858CA00E342A5 = {
						TestTargetID = E93CD409180858CA00E342A5;
					};
				};
			};
			buildConfigurationList = E93CD405180858CA00E342A5 /* Build configuration list for PBXProject "Quizzes" */;
			compatibilityVersion = "Xcode 3.2";
			developmentRegion = English;
			hasScannedForEncodings = 0;
			knownRegions = (
				en,
			);
			mainGroup = E93CD401180858CA00E342A5;
			productRefGroup = E93CD40B180858CA00E342A5 /* Products */;
			projectDirPath = "";
			projectRoot = "";
			targets = (
				E93CD409180858CA00E342A5 /* Quizzes */,
				E93CD424180858CA00E342A5 /* QuizzesTests */,
			);
		};
/* End PBXProject section */

/* Begin PBXResourcesBuildPhase section */
		E93CD408180858CA00E342A5 /* Resources */ = {
			isa = PBXResourcesBuildPhase;
			buildActionMask = 2147483647;
			files = (
				E9CE44EA180D4E8A0095DFF6 /* QuizViewController.xib in Resources */,
				E93CD418180858CA00E342A5 /* InfoPlist.strings in Resources */,
				E9C17C1A180E996100926A5B /* LanguageViewController.xib in Resources */,
				E93CD420180858CA00E342A5 /* Images.xcassets in Resources */,
			);
			runOnlyForDeploymentPostprocessing = 0;
		};
		E93CD423180858CA00E342A5 /* Resources */ = {
			isa = PBXResourcesBuildPhase;
			buildActionMask = 2147483647;
			files = (
			);
			runOnlyForDeploymentPostprocessing = 0;
		};
/* End PBXResourcesBuildPhase section */

/* Begin PBXSourcesBuildPhase section */
		E93CD406180858CA00E342A5 /* Sources */ = {
			isa = PBXSourcesBuildPhase;
			buildActionMask = 2147483647;
			files = (
				E9C17C15180E886400926A5B /* AnswerViewControllerFactory.m in Sources */,
				E9C17C1D180ED18100926A5B /* AnswerViewController.m in Sources */,
				E98A5319180991A700FE2AAB /* AnswerTableViewController.m in Sources */,
				E9C17C20180EE3FA00926A5B /* AwardManager.m in Sources */,
				E92F42CF180ABBEE00570AB6 /* QuizFactory.m in Sources */,
				E93CD41E180858CA00E342A5 /* AppDelegate.m in Sources */,
				E93CD43F18085D4700E342A5 /* QuizViewController.m in Sources */,
				E92F42D2180ABC5900570AB6 /* TrueFalseQuestion.m in Sources */,
				E9FE58E5180D8A6A0030B1B5 /* AnswerButtonViewController.m in Sources */,
				E92F42D5180ABC8800570AB6 /* MultipleChoiceQuestion.m in Sources */,
				E9C17C19180E996100926A5B /* LanguageViewController.m in Sources */,
				E98A532318099B6F00FE2AAB /* Question.m in Sources */,
				E98A531D180999C800FE2AAB /* Quiz.m in Sources */,
				E9FE58E9180D8A940030B1B5 /* ImageQuestion.m in Sources */,
				E9CE44EE180D61A70095DFF6 /* AnswerCollectionViewController.m in Sources */,
				E93CD41A180858CA00E342A5 /* main.m in Sources */,
			);
			runOnlyForDeploymentPostprocessing = 0;
		};
		E93CD421180858CA00E342A5 /* Sources */ = {
			isa = PBXSourcesBuildPhase;
			buildActionMask = 2147483647;
			files = (
			);
			runOnlyForDeploymentPostprocessing = 0;
		};
/* End PBXSourcesBuildPhase section */

/* Begin PBXTargetDependency section */
		E93CD42B180858CA00E342A5 /* PBXTargetDependency */ = {
			isa = PBXTargetDependency;
			target = E93CD409180858CA00E342A5 /* Quizzes */;
			targetProxy = E93CD42A180858CA00E342A5 /* PBXContainerItemProxy */;
		};
/* End PBXTargetDependency section */

/* Begin PBXVariantGroup section */
		E93CD416180858CA00E342A5 /* InfoPlist.strings */ = {
			isa = PBXVariantGroup;
			children = (
				E93CD417180858CA00E342A5 /* en */,
			);
			name = InfoPlist.strings;
			sourceTree = "<group>";
		};
/* End PBXVariantGroup section */

/* Begin XCBuildConfiguration section */
		E93CD434180858CA00E342A5 /* Debug */ = {
			isa = XCBuildConfiguration;
			buildSettings = {
				ALWAYS_SEARCH_USER_PATHS = NO;
				ARCHS = "$(ARCHS_STANDARD_INCLUDING_64_BIT)";
				CLANG_CXX_LANGUAGE_STANDARD = "gnu++0x";
				CLANG_CXX_LIBRARY = "libc++";
				CLANG_ENABLE_MODULES = YES;
				CLANG_ENABLE_OBJC_ARC = YES;
				CLANG_WARN_BOOL_CONVERSION = YES;
				CLANG_WARN_CONSTANT_CONVERSION = YES;
				CLANG_WARN_DIRECT_OBJC_ISA_USAGE = YES_ERROR;
				CLANG_WARN_EMPTY_BODY = YES;
				CLANG_WARN_ENUM_CONVERSION = YES;
				CLANG_WARN_INT_CONVERSION = YES;
				CLANG_WARN_OBJC_ROOT_CLASS = YES_ERROR;
				CLANG_WARN__DUPLICATE_METHOD_MATCH = YES;
				"CODE_SIGN_IDENTITY[sdk=iphoneos*]" = "iPhone Developer";
				COPY_PHASE_STRIP = NO;
				GCC_C_LANGUAGE_STANDARD = gnu99;
				GCC_DYNAMIC_NO_PIC = NO;
				GCC_OPTIMIZATION_LEVEL = 0;
				GCC_PREPROCESSOR_DEFINITIONS = (
					"DEBUG=1",
					"$(inherited)",
				);
				GCC_SYMBOLS_PRIVATE_EXTERN = NO;
				GCC_WARN_64_TO_32_BIT_CONVERSION = YES;
				GCC_WARN_ABOUT_RETURN_TYPE = YES_ERROR;
				GCC_WARN_UNDECLARED_SELECTOR = YES;
				GCC_WARN_UNINITIALIZED_AUTOS = YES;
				GCC_WARN_UNUSED_FUNCTION = YES;
				GCC_WARN_UNUSED_VARIABLE = YES;
				IPHONEOS_DEPLOYMENT_TARGET = 7.0;
				ONLY_ACTIVE_ARCH = YES;
				SDKROOT = iphoneos;
				TARGETED_DEVICE_FAMILY = 2;
			};
			name = Debug;
		};
		E93CD435180858CA00E342A5 /* Release */ = {
			isa = XCBuildConfiguration;
			buildSettings = {
				ALWAYS_SEARCH_USER_PATHS = NO;
				ARCHS = "$(ARCHS_STANDARD_INCLUDING_64_BIT)";
				CLANG_CXX_LANGUAGE_STANDARD = "gnu++0x";
				CLANG_CXX_LIBRARY = "libc++";
				CLANG_ENABLE_MODULES = YES;
				CLANG_ENABLE_OBJC_ARC = YES;
				CLANG_WARN_BOOL_CONVERSION = YES;
				CLANG_WARN_CONSTANT_CONVERSION = YES;
				CLANG_WARN_DIRECT_OBJC_ISA_USAGE = YES_ERROR;
				CLANG_WARN_EMPTY_BODY = YES;
				CLANG_WARN_ENUM_CONVERSION = YES;
				CLANG_WARN_INT_CONVERSION = YES;
				CLANG_WARN_OBJC_ROOT_CLASS = YES_ERROR;
				CLANG_WARN__DUPLICATE_METHOD_MATCH = YES;
				"CODE_SIGN_IDENTITY[sdk=iphoneos*]" = "iPhone Developer";
				COPY_PHASE_STRIP = YES;
				ENABLE_NS_ASSERTIONS = NO;
				GCC_C_LANGUAGE_STANDARD = gnu99;
				GCC_WARN_64_TO_32_BIT_CONVERSION = YES;
				GCC_WARN_ABOUT_RETURN_TYPE = YES_ERROR;
				GCC_WARN_UNDECLARED_SELECTOR = YES;
				GCC_WARN_UNINITIALIZED_AUTOS = YES;
				GCC_WARN_UNUSED_FUNCTION = YES;
				GCC_WARN_UNUSED_VARIABLE = YES;
				IPHONEOS_DEPLOYMENT_TARGET = 7.0;
				SDKROOT = iphoneos;
				TARGETED_DEVICE_FAMILY = 2;
				VALIDATE_PRODUCT = YES;
			};
			name = Release;
		};
		E93CD437180858CA00E342A5 /* Debug */ = {
			isa = XCBuildConfiguration;
			buildSettings = {
				ASSETCATALOG_COMPILER_APPICON_NAME = AppIcon;
				ASSETCATALOG_COMPILER_LAUNCHIMAGE_NAME = LaunchImage;
				CODE_SIGN_IDENTITY = "iPhone Developer";
				GCC_PRECOMPILE_PREFIX_HEADER = YES;
				GCC_PREFIX_HEADER = "Quizzes/Quizzes-Prefix.pch";
				INFOPLIST_FILE = "Quizzes/Quizzes-Info.plist";
				IPHONEOS_DEPLOYMENT_TARGET = 7.0;
				PRODUCT_NAME = "$(TARGET_NAME)";
				TARGETED_DEVICE_FAMILY = 2;
				WRAPPER_EXTENSION = app;
			};
			name = Debug;
		};
		E93CD438180858CA00E342A5 /* Release */ = {
			isa = XCBuildConfiguration;
			buildSettings = {
				ASSETCATALOG_COMPILER_APPICON_NAME = AppIcon;
				ASSETCATALOG_COMPILER_LAUNCHIMAGE_NAME = LaunchImage;
				CODE_SIGN_IDENTITY = "iPhone Developer";
				GCC_PRECOMPILE_PREFIX_HEADER = YES;
				GCC_PREFIX_HEADER = "Quizzes/Quizzes-Prefix.pch";
				INFOPLIST_FILE = "Quizzes/Quizzes-Info.plist";
				IPHONEOS_DEPLOYMENT_TARGET = 7.0;
				PRODUCT_NAME = "$(TARGET_NAME)";
				TARGETED_DEVICE_FAMILY = 2;
				WRAPPER_EXTENSION = app;
			};
			name = Release;
		};
		E93CD43A180858CA00E342A5 /* Debug */ = {
			isa = XCBuildConfiguration;
			buildSettings = {
				ARCHS = "$(ARCHS_STANDARD_INCLUDING_64_BIT)";
				BUNDLE_LOADER = "$(BUILT_PRODUCTS_DIR)/Quizzes.app/Quizzes";
				FRAMEWORK_SEARCH_PATHS = (
					"$(SDKROOT)/Developer/Library/Frameworks",
					"$(inherited)",
					"$(DEVELOPER_FRAMEWORKS_DIR)",
				);
				GCC_PRECOMPILE_PREFIX_HEADER = YES;
				GCC_PREFIX_HEADER = "Quizzes/Quizzes-Prefix.pch";
				GCC_PREPROCESSOR_DEFINITIONS = (
					"DEBUG=1",
					"$(inherited)",
				);
				INFOPLIST_FILE = "QuizzesTests/QuizzesTests-Info.plist";
				PRODUCT_NAME = "$(TARGET_NAME)";
				TEST_HOST = "$(BUNDLE_LOADER)";
				WRAPPER_EXTENSION = xctest;
			};
			name = Debug;
		};
		E93CD43B180858CA00E342A5 /* Release */ = {
			isa = XCBuildConfiguration;
			buildSettings = {
				ARCHS = "$(ARCHS_STANDARD_INCLUDING_64_BIT)";
				BUNDLE_LOADER = "$(BUILT_PRODUCTS_DIR)/Quizzes.app/Quizzes";
				FRAMEWORK_SEARCH_PATHS = (
					"$(SDKROOT)/Developer/Library/Frameworks",
					"$(inherited)",
					"$(DEVELOPER_FRAMEWORKS_DIR)",
				);
				GCC_PRECOMPILE_PREFIX_HEADER = YES;
				GCC_PREFIX_HEADER = "Quizzes/Quizzes-Prefix.pch";
				INFOPLIST_FILE = "QuizzesTests/QuizzesTests-Info.plist";
				PRODUCT_NAME = "$(TARGET_NAME)";
				TEST_HOST = "$(BUNDLE_LOADER)";
				WRAPPER_EXTENSION = xctest;
			};
			name = Release;
		};
/* End XCBuildConfiguration section */

/* Begin XCConfigurationList section */
		E93CD405180858CA00E342A5 /* Build configuration list for PBXProject "Quizzes" */ = {
			isa = XCConfigurationList;
			buildConfigurations = (
				E93CD434180858CA00E342A5 /* Debug */,
				E93CD435180858CA00E342A5 /* Release */,
			);
			defaultConfigurationIsVisible = 0;
			defaultConfigurationName = Release;
		};
		E93CD436180858CA00E342A5 /* Build configuration list for PBXNativeTarget "Quizzes" */ = {
			isa = XCConfigurationList;
			buildConfigurations = (
				E93CD437180858CA00E342A5 /* Debug */,
				E93CD438180858CA00E342A5 /* Release */,
			);
			defaultConfigurationIsVisible = 0;
			defaultConfigurationName = Release;
		};
		E93CD439180858CA00E342A5 /* Build configuration list for PBXNativeTarget "QuizzesTests" */ = {
			isa = XCConfigurationList;
			buildConfigurations = (
				E93CD43A180858CA00E342A5 /* Debug */,
				E93CD43B180858CA00E342A5 /* Release */,
			);
			defaultConfigurationIsVisible = 0;
			defaultConfigurationName = Release;
		};
/* End XCConfigurationList section */
	};
	rootObject = E93CD402180858CA00E342A5 /* Project object */;
}
